
Microsoft Visual Studio Solution File, Format Version 12.00
# Visual Studio Version 16
VisualStudioVersion = 16.0.31129.286
MinimumVisualStudioVersion = 10.0.40219.1
Project("{FAE04EC0-301F-11D3-BF4B-00C04F79EFBC}") = "ProjectCarsTelemetry", "ProjectCarsTelemetry\ProjectCarsTelemetry.csproj", "{D1F983A7-1F2D-4620-BFE1-ABB400B80491}"
EndProject
Project("{FAE04EC0-301F-11D3-BF4B-00C04F79EFBC}") = "PrejectCarsTelemetryDemo", "PrejectCarsTelemetryDemo\PrejectCarsTelemetryDemo.csproj", "{8032E3C4-4B28-43E5-BEDD-60CE0C1894F1}"
EndProject
Global
	GlobalSection(SolutionConfigurationPlatforms) = preSolution
		Debug|Any CPU = Debug|Any CPU
		Release|Any CPU = Release|Any CPU
	EndGlobalSection
	GlobalSection(ProjectConfigurationPlatforms) = postSolution
		{D1F983A7-1F2D-4620-BFE1-ABB400B80491}.Debug|Any CPU.ActiveCfg = Debug|Any CPU
		{D1F983A7-1F2D-4620-BFE1-ABB400B80491}.Debug|Any CPU.Build.0 = Debug|Any CPU
		{D1F983A7-1F2D-4620-BFE1-ABB400B80491}.Release|Any CPU.ActiveCfg = Release|Any CPU
		{D1F983A7-1F2D-4620-BFE1-ABB400B80491}.Release|Any CPU.Build.0 = Release|Any CPU
		{8032E3C4-4B28-43E5-BEDD-60CE0C1894F1}.Debug|Any CPU.ActiveCfg = Debug|Any CPU
		{8032E3C4-4B28-43E5-BEDD-60CE0C1894F1}.Debug|Any CPU.Build.0 = Debug|Any CPU
		{8032E3C4-4B28-43E5-BEDD-60CE0C1894F1}.Release|Any CPU.ActiveCfg = Release|Any CPU
		{8032E3C4-4B28-43E5-BEDD-60CE0C1894F1}.Release|Any CPU.Build.0 = Release|Any CPU
	EndGlobalSection
	GlobalSection(SolutionProperties) = preSolution
		HideSolutionNode = FALSE
	EndGlobalSection
	GlobalSection(ExtensibilityGlobals) = postSolution
		SolutionGuid = {C143D987-98C1-4A74-A94A-ABA47CC6B2AC}
	EndGlobalSection
EndGlobal
